
Microsoft Visual Studio Solution File, Format Version 12.00
Project("{FAE04EC0-301F-11D3-BF4B-00C04F79EFBC}") = "AppHost", "src\AppHost\AppHost.csproj", "{F0BAE40C-0878-4D91-A1C5-98B342493106}"
EndProject
Project("{2150E333-8FDC-42A3-9474-1A3956D46DE8}") = "Domain", "Domain", "{556B0097-07D1-4831-BEA5-C4B756B392B9}"
EndProject
Project("{2150E333-8FDC-42A3-9474-1A3956D46DE8}") = "_Common", "_Common", "{0F377E9E-2AFE-4A6C-B936-68FB62B1BE90}"
EndProject
Project("{FAE04EC0-301F-11D3-BF4B-00C04F79EFBC}") = "YellowCarRental.Domain", "src\YellowCarRental.Domain\YellowCarRental.Domain.csproj", "{A050824E-AB7F-4C83-A2C3-B9B8D5E2F719}"
EndProject
Project("{2150E333-8FDC-42A3-9474-1A3956D46DE8}") = "Application", "Application", "{2A925D11-506A-4CBB-BF56-A2C99D9FA388}"
EndProject
Project("{2150E333-8FDC-42A3-9474-1A3956D46DE8}") = "Infrastructure", "Infrastructure", "{8D6DD434-5F00-40F7-B282-342268515D2D}"
EndProject
Project("{FAE04EC0-301F-11D3-BF4B-00C04F79EFBC}") = "YellowCarRental.Infrastructure.Persistence", "src\YellowCarRental.Infrastructure.Persistence\YellowCarRental.Infrastructure.Persistence.csproj", "{7BDAD826-2966-4B5C-A58C-753622492641}"
EndProject
Project("{2150E333-8FDC-42A3-9474-1A3956D46DE8}") = "Frontend", "Frontend", "{4B48D176-FAFA-46C3-8CD3-E15FE1483537}"
EndProject
Project("{FAE04EC0-301F-11D3-BF4B-00C04F79EFBC}") = "YellowCarRental.Frontend.Public", "src\YellowCarRental.Frontend.Public\YellowCarRental.Frontend.Public\YellowCarRental.Frontend.Public.csproj", "{267290C6-DB4C-4EBD-AD61-BF6A80CBAD58}"
EndProject
Project("{FAE04EC0-301F-11D3-BF4B-00C04F79EFBC}") = "YellowCarRental.Frontend.Public.Client", "src\YellowCarRental.Frontend.Public\YellowCarRental.Frontend.Public.Client\YellowCarRental.Frontend.Public.Client.csproj", "{DC7880AD-B548-4673-A0F2-CA776AD22DBA}"
EndProject
Project("{FAE04EC0-301F-11D3-BF4B-00C04F79EFBC}") = "YellowCarRental.Frontend.CallCenter", "src\YellowCarRental.Frontend.CallCenter\YellowCarRental.Frontend.CallCenter\YellowCarRental.Frontend.CallCenter.csproj", "{B458C55A-CCC4-4140-9D74-D367D43F262A}"
EndProject
Project("{FAE04EC0-301F-11D3-BF4B-00C04F79EFBC}") = "YellowCarRental.Frontend.CallCenter.Client", "src\YellowCarRental.Frontend.CallCenter\YellowCarRental.Frontend.CallCenter.Client\YellowCarRental.Frontend.CallCenter.Client.csproj", "{6861B87D-A905-4E20-8FE1-DF4586EA667F}"
EndProject
Project("{FAE04EC0-301F-11D3-BF4B-00C04F79EFBC}") = "YellowCarRental.Application", "src\YellowCarRental.Application\YellowCarRental.Application.csproj", "{C5F24C71-EE2C-468C-90C9-2A5A34E4E1A3}"
EndProject
Project("{FAE04EC0-301F-11D3-BF4B-00C04F79EFBC}") = "YellowCarRental.ServiceDefaults", "src\YellowCarRental.ServiceDefaults\YellowCarRental.ServiceDefaults.csproj", "{FF4C99D7-5793-4865-A198-C3D0E5326BA2}"
EndProject
Project("{2150E333-8FDC-42A3-9474-1A3956D46DE8}") = "Public", "Public", "{7A495664-440D-4927-998B-91DC002C580C}"
EndProject
Project("{2150E333-8FDC-42A3-9474-1A3956D46DE8}") = "CallCenter", "CallCenter", "{2355CF59-F928-4A30-9C61-5986A1538BBF}"
EndProject
Project("{2150E333-8FDC-42A3-9474-1A3956D46DE8}") = "Frontend", "Frontend", "{582E5179-31B1-4013-B1C1-F352FE0C9093}"
EndProject
Global
	GlobalSection(SolutionConfigurationPlatforms) = preSolution
		Debug|Any CPU = Debug|Any CPU
		Release|Any CPU = Release|Any CPU
	EndGlobalSection
	GlobalSection(ProjectConfigurationPlatforms) = postSolution
		{F0BAE40C-0878-4D91-A1C5-98B342493106}.Debug|Any CPU.ActiveCfg = Debug|Any CPU
		{F0BAE40C-0878-4D91-A1C5-98B342493106}.Debug|Any CPU.Build.0 = Debug|Any CPU
		{F0BAE40C-0878-4D91-A1C5-98B342493106}.Release|Any CPU.ActiveCfg = Release|Any CPU
		{F0BAE40C-0878-4D91-A1C5-98B342493106}.Release|Any CPU.Build.0 = Release|Any CPU
		{A050824E-AB7F-4C83-A2C3-B9B8D5E2F719}.Debug|Any CPU.ActiveCfg = Debug|Any CPU
		{A050824E-AB7F-4C83-A2C3-B9B8D5E2F719}.Debug|Any CPU.Build.0 = Debug|Any CPU
		{A050824E-AB7F-4C83-A2C3-B9B8D5E2F719}.Release|Any CPU.ActiveCfg = Release|Any CPU
		{A050824E-AB7F-4C83-A2C3-B9B8D5E2F719}.Release|Any CPU.Build.0 = Release|Any CPU
		{7BDAD826-2966-4B5C-A58C-753622492641}.Debug|Any CPU.ActiveCfg = Debug|Any CPU
		{7BDAD826-2966-4B5C-A58C-753622492641}.Debug|Any CPU.Build.0 = Debug|Any CPU
		{7BDAD826-2966-4B5C-A58C-753622492641}.Release|Any CPU.ActiveCfg = Release|Any CPU
		{7BDAD826-2966-4B5C-A58C-753622492641}.Release|Any CPU.Build.0 = Release|Any CPU
		{267290C6-DB4C-4EBD-AD61-BF6A80CBAD58}.Debug|Any CPU.ActiveCfg = Debug|Any CPU
		{267290C6-DB4C-4EBD-AD61-BF6A80CBAD58}.Debug|Any CPU.Build.0 = Debug|Any CPU
		{267290C6-DB4C-4EBD-AD61-BF6A80CBAD58}.Release|Any CPU.ActiveCfg = Release|Any CPU
		{267290C6-DB4C-4EBD-AD61-BF6A80CBAD58}.Release|Any CPU.Build.0 = Release|Any CPU
		{DC7880AD-B548-4673-A0F2-CA776AD22DBA}.Debug|Any CPU.ActiveCfg = Debug|Any CPU
		{DC7880AD-B548-4673-A0F2-CA776AD22DBA}.Debug|Any CPU.Build.0 = Debug|Any CPU
		{DC7880AD-B548-4673-A0F2-CA776AD22DBA}.Release|Any CPU.ActiveCfg = Release|Any CPU
		{DC7880AD-B548-4673-A0F2-CA776AD22DBA}.Release|Any CPU.Build.0 = Release|Any CPU
		{B458C55A-CCC4-4140-9D74-D367D43F262A}.Debug|Any CPU.ActiveCfg = Debug|Any CPU
		{B458C55A-CCC4-4140-9D74-D367D43F262A}.Debug|Any CPU.Build.0 = Debug|Any CPU
		{B458C55A-CCC4-4140-9D74-D367D43F262A}.Release|Any CPU.ActiveCfg = Release|Any CPU
		{B458C55A-CCC4-4140-9D74-D367D43F262A}.Release|Any CPU.Build.0 = Release|Any CPU
		{6861B87D-A905-4E20-8FE1-DF4586EA667F}.Debug|Any CPU.ActiveCfg = Debug|Any CPU
		{6861B87D-A905-4E20-8FE1-DF4586EA667F}.Debug|Any CPU.Build.0 = Debug|Any CPU
		{6861B87D-A905-4E20-8FE1-DF4586EA667F}.Release|Any CPU.ActiveCfg = Release|Any CPU
		{6861B87D-A905-4E20-8FE1-DF4586EA667F}.Release|Any CPU.Build.0 = Release|Any CPU
		{C5F24C71-EE2C-468C-90C9-2A5A34E4E1A3}.Debug|Any CPU.ActiveCfg = Debug|Any CPU
		{C5F24C71-EE2C-468C-90C9-2A5A34E4E1A3}.Debug|Any CPU.Build.0 = Debug|Any CPU
		{C5F24C71-EE2C-468C-90C9-2A5A34E4E1A3}.Release|Any CPU.ActiveCfg = Release|Any CPU
		{C5F24C71-EE2C-468C-90C9-2A5A34E4E1A3}.Release|Any CPU.Build.0 = Release|Any CPU
		{FF4C99D7-5793-4865-A198-C3D0E5326BA2}.Debug|Any CPU.ActiveCfg = Debug|Any CPU
		{FF4C99D7-5793-4865-A198-C3D0E5326BA2}.Debug|Any CPU.Build.0 = Debug|Any CPU
		{FF4C99D7-5793-4865-A198-C3D0E5326BA2}.Release|Any CPU.ActiveCfg = Release|Any CPU
		{FF4C99D7-5793-4865-A198-C3D0E5326BA2}.Release|Any CPU.Build.0 = Release|Any CPU
	EndGlobalSection
	GlobalSection(NestedProjects) = preSolution
		{A050824E-AB7F-4C83-A2C3-B9B8D5E2F719} = {556B0097-07D1-4831-BEA5-C4B756B392B9}
		{7BDAD826-2966-4B5C-A58C-753622492641} = {8D6DD434-5F00-40F7-B282-342268515D2D}
		{F0BAE40C-0878-4D91-A1C5-98B342493106} = {0F377E9E-2AFE-4A6C-B936-68FB62B1BE90}
		{C5F24C71-EE2C-468C-90C9-2A5A34E4E1A3} = {2A925D11-506A-4CBB-BF56-A2C99D9FA388}
		{FF4C99D7-5793-4865-A198-C3D0E5326BA2} = {8D6DD434-5F00-40F7-B282-342268515D2D}
		{7A495664-440D-4927-998B-91DC002C580C} = {4B48D176-FAFA-46C3-8CD3-E15FE1483537}
		{2355CF59-F928-4A30-9C61-5986A1538BBF} = {4B48D176-FAFA-46C3-8CD3-E15FE1483537}
		{B458C55A-CCC4-4140-9D74-D367D43F262A} = {2355CF59-F928-4A30-9C61-5986A1538BBF}
		{6861B87D-A905-4E20-8FE1-DF4586EA667F} = {2355CF59-F928-4A30-9C61-5986A1538BBF}
		{267290C6-DB4C-4EBD-AD61-BF6A80CBAD58} = {7A495664-440D-4927-998B-91DC002C580C}
		{DC7880AD-B548-4673-A0F2-CA776AD22DBA} = {7A495664-440D-4927-998B-91DC002C580C}
		{582E5179-31B1-4013-B1C1-F352FE0C9093} = {0F377E9E-2AFE-4A6C-B936-68FB62B1BE90}
	EndGlobalSection
EndGlobal
